github.com/Jell/advent2019 v0.0.0-20191208203714-798096f22a01 h1:y+nbtJ8395o3ij8kF03nDrw3ULYUyD2RxzufYgT2RTg=
github.com/gitchander/permutation v0.0.0-20181107151852-9e56b92e9909 h1:9NC8seTx6/zRmMTAdsHj/uOMi0EGHGQtjyLafBjk77Q=
github.com/gitchander/permutation v0.0.0-20181107151852-9e56b92e9909/go.mod h1:lP+DW8LR6Rw3ru9Vo2/y/3iiLaLWmofYql/va+7zJOk=
